
Microsoft Visual Studio Solution File, Format Version 12.00
# Visual Studio 14
VisualStudioVersion = 14.0.25420.1
MinimumVisualStudioVersion = 10.0.40219.1
Project("{FAE04EC0-301F-11D3-BF4B-00C04F79EFBC}") = "CrioGame.GameEngine", "CrioGame\CrioGame.GameEngine\CrioGame.GameEngine.csproj", "{3ED5E3C5-92E9-4A54-9BFE-833B5ED5A0FB}"
EndProject
Project("{FAE04EC0-301F-11D3-BF4B-00C04F79EFBC}") = "CrioGame.Common", "CrioGame\CrioGame.Common\CrioGame.Common.csproj", "{41FCD30A-5AC2-42B9-9E2D-E92EA97940B5}"
EndProject
Project("{FAE04EC0-301F-11D3-BF4B-00C04F79EFBC}") = "CrioGame.ImplMonogame", "CrioGame\Implementations\CrioGame.Monogame\CrioGame.ImplMonogame.csproj", "{5BDCC9DF-9132-4084-802C-22B8020216F6}"
EndProject
Project("{2150E333-8FDC-42A3-9474-1A3956D46DE8}") = "Engine", "Engine", "{9E6326A3-9B75-4169-9EE6-B54E01EAC96D}"
EndProject
Project("{2150E333-8FDC-42A3-9474-1A3956D46DE8}") = "Implementations", "Implementations", "{DDAEA749-4D08-4881-B51D-EB0CD33CA6A3}"
EndProject
Project("{FAE04EC0-301F-11D3-BF4B-00C04F79EFBC}") = "MinesGame", "Samples\MinesGames\MinesGame.csproj", "{17ACB23C-4A6F-4C6A-953A-E4C0BE0DF1B7}"
EndProject
Project("{FAE04EC0-301F-11D3-BF4B-00C04F79EFBC}") = "ArkanoidGame", "Samples\ArkanoidGame\ArkanoidGame.csproj", "{8D5AC52B-391C-40AF-A24D-6C900252617B}"
EndProject
Project("{2150E333-8FDC-42A3-9474-1A3956D46DE8}") = "Samples", "Samples", "{8A9300DA-19FC-465C-A791-B1E9343D42A7}"
EndProject
Project("{FAE04EC0-301F-11D3-BF4B-00C04F79EFBC}") = "AsteroidsGame", "Samples\AsteroidsGames\AsteroidsGame.csproj", "{30DB65FE-95E6-4C74-BE4C-35494CFA9C2A}"
EndProject
Project("{FAE04EC0-301F-11D3-BF4B-00C04F79EFBC}") = "SpaceWarGame", "Samples\SpaceWarGame\SpaceWarGame.csproj", "{4E5FD28A-A445-4FCD-BC83-6A98DD8B0A2A}"
EndProject
Global
	GlobalSection(SolutionConfigurationPlatforms) = preSolution
		Debug|Any CPU = Debug|Any CPU
		Debug|x86 = Debug|x86
		Release|Any CPU = Release|Any CPU
		Release|x86 = Release|x86
	EndGlobalSection
	GlobalSection(ProjectConfigurationPlatforms) = postSolution
		{3ED5E3C5-92E9-4A54-9BFE-833B5ED5A0FB}.Debug|Any CPU.ActiveCfg = Debug|Any CPU
		{3ED5E3C5-92E9-4A54-9BFE-833B5ED5A0FB}.Debug|Any CPU.Build.0 = Debug|Any CPU
		{3ED5E3C5-92E9-4A54-9BFE-833B5ED5A0FB}.Debug|x86.ActiveCfg = Debug|Any CPU
		{3ED5E3C5-92E9-4A54-9BFE-833B5ED5A0FB}.Debug|x86.Build.0 = Debug|Any CPU
		{3ED5E3C5-92E9-4A54-9BFE-833B5ED5A0FB}.Release|Any CPU.ActiveCfg = Release|Any CPU
		{3ED5E3C5-92E9-4A54-9BFE-833B5ED5A0FB}.Release|Any CPU.Build.0 = Release|Any CPU
		{3ED5E3C5-92E9-4A54-9BFE-833B5ED5A0FB}.Release|x86.ActiveCfg = Release|Any CPU
		{3ED5E3C5-92E9-4A54-9BFE-833B5ED5A0FB}.Release|x86.Build.0 = Release|Any CPU
		{41FCD30A-5AC2-42B9-9E2D-E92EA97940B5}.Debug|Any CPU.ActiveCfg = Debug|Any CPU
		{41FCD30A-5AC2-42B9-9E2D-E92EA97940B5}.Debug|Any CPU.Build.0 = Debug|Any CPU
		{41FCD30A-5AC2-42B9-9E2D-E92EA97940B5}.Debug|x86.ActiveCfg = Debug|Any CPU
		{41FCD30A-5AC2-42B9-9E2D-E92EA97940B5}.Debug|x86.Build.0 = Debug|Any CPU
		{41FCD30A-5AC2-42B9-9E2D-E92EA97940B5}.Release|Any CPU.ActiveCfg = Release|Any CPU
		{41FCD30A-5AC2-42B9-9E2D-E92EA97940B5}.Release|Any CPU.Build.0 = Release|Any CPU
		{41FCD30A-5AC2-42B9-9E2D-E92EA97940B5}.Release|x86.ActiveCfg = Release|Any CPU
		{41FCD30A-5AC2-42B9-9E2D-E92EA97940B5}.Release|x86.Build.0 = Release|Any CPU
		{5BDCC9DF-9132-4084-802C-22B8020216F6}.Debug|Any CPU.ActiveCfg = Debug|Any CPU
		{5BDCC9DF-9132-4084-802C-22B8020216F6}.Debug|Any CPU.Build.0 = Debug|Any CPU
		{5BDCC9DF-9132-4084-802C-22B8020216F6}.Debug|x86.ActiveCfg = Debug|Any CPU
		{5BDCC9DF-9132-4084-802C-22B8020216F6}.Debug|x86.Build.0 = Debug|Any CPU
		{5BDCC9DF-9132-4084-802C-22B8020216F6}.Release|Any CPU.ActiveCfg = Release|Any CPU
		{5BDCC9DF-9132-4084-802C-22B8020216F6}.Release|Any CPU.Build.0 = Release|Any CPU
		{5BDCC9DF-9132-4084-802C-22B8020216F6}.Release|x86.ActiveCfg = Release|Any CPU
		{5BDCC9DF-9132-4084-802C-22B8020216F6}.Release|x86.Build.0 = Release|Any CPU
		{17ACB23C-4A6F-4C6A-953A-E4C0BE0DF1B7}.Debug|Any CPU.ActiveCfg = Debug|x86
		{17ACB23C-4A6F-4C6A-953A-E4C0BE0DF1B7}.Debug|Any CPU.Build.0 = Debug|x86
		{17ACB23C-4A6F-4C6A-953A-E4C0BE0DF1B7}.Debug|x86.ActiveCfg = Debug|x86
		{17ACB23C-4A6F-4C6A-953A-E4C0BE0DF1B7}.Debug|x86.Build.0 = Debug|x86
		{17ACB23C-4A6F-4C6A-953A-E4C0BE0DF1B7}.Release|Any CPU.ActiveCfg = Release|x86
		{17ACB23C-4A6F-4C6A-953A-E4C0BE0DF1B7}.Release|x86.ActiveCfg = Release|x86
		{17ACB23C-4A6F-4C6A-953A-E4C0BE0DF1B7}.Release|x86.Build.0 = Release|x86
		{8D5AC52B-391C-40AF-A24D-6C900252617B}.Debug|Any CPU.ActiveCfg = Debug|x86
		{8D5AC52B-391C-40AF-A24D-6C900252617B}.Debug|Any CPU.Build.0 = Debug|x86
		{8D5AC52B-391C-40AF-A24D-6C900252617B}.Debug|x86.ActiveCfg = Debug|x86
		{8D5AC52B-391C-40AF-A24D-6C900252617B}.Debug|x86.Build.0 = Debug|x86
		{8D5AC52B-391C-40AF-A24D-6C900252617B}.Release|Any CPU.ActiveCfg = Release|x86
		{8D5AC52B-391C-40AF-A24D-6C900252617B}.Release|x86.ActiveCfg = Release|x86
		{8D5AC52B-391C-40AF-A24D-6C900252617B}.Release|x86.Build.0 = Release|x86
		{30DB65FE-95E6-4C74-BE4C-35494CFA9C2A}.Debug|Any CPU.ActiveCfg = Debug|x86
		{30DB65FE-95E6-4C74-BE4C-35494CFA9C2A}.Debug|Any CPU.Build.0 = Debug|x86
		{30DB65FE-95E6-4C74-BE4C-35494CFA9C2A}.Debug|x86.ActiveCfg = Debug|x86
		{30DB65FE-95E6-4C74-BE4C-35494CFA9C2A}.Debug|x86.Build.0 = Debug|x86
		{30DB65FE-95E6-4C74-BE4C-35494CFA9C2A}.Release|Any CPU.ActiveCfg = Release|x86
		{30DB65FE-95E6-4C74-BE4C-35494CFA9C2A}.Release|x86.ActiveCfg = Release|x86
		{30DB65FE-95E6-4C74-BE4C-35494CFA9C2A}.Release|x86.Build.0 = Release|x86
		{4E5FD28A-A445-4FCD-BC83-6A98DD8B0A2A}.Debug|Any CPU.ActiveCfg = Debug|x86
		{4E5FD28A-A445-4FCD-BC83-6A98DD8B0A2A}.Debug|Any CPU.Build.0 = Debug|x86
		{4E5FD28A-A445-4FCD-BC83-6A98DD8B0A2A}.Debug|x86.ActiveCfg = Debug|x86
		{4E5FD28A-A445-4FCD-BC83-6A98DD8B0A2A}.Debug|x86.Build.0 = Debug|x86
		{4E5FD28A-A445-4FCD-BC83-6A98DD8B0A2A}.Release|Any CPU.ActiveCfg = Release|x86
		{4E5FD28A-A445-4FCD-BC83-6A98DD8B0A2A}.Release|x86.ActiveCfg = Release|x86
		{4E5FD28A-A445-4FCD-BC83-6A98DD8B0A2A}.Release|x86.Build.0 = Release|x86
	EndGlobalSection
	GlobalSection(SolutionProperties) = preSolution
		HideSolutionNode = FALSE
	EndGlobalSection
	GlobalSection(NestedProjects) = preSolution
		{3ED5E3C5-92E9-4A54-9BFE-833B5ED5A0FB} = {9E6326A3-9B75-4169-9EE6-B54E01EAC96D}
		{41FCD30A-5AC2-42B9-9E2D-E92EA97940B5} = {9E6326A3-9B75-4169-9EE6-B54E01EAC96D}
		{5BDCC9DF-9132-4084-802C-22B8020216F6} = {DDAEA749-4D08-4881-B51D-EB0CD33CA6A3}
		{DDAEA749-4D08-4881-B51D-EB0CD33CA6A3} = {9E6326A3-9B75-4169-9EE6-B54E01EAC96D}
		{17ACB23C-4A6F-4C6A-953A-E4C0BE0DF1B7} = {8A9300DA-19FC-465C-A791-B1E9343D42A7}
		{8D5AC52B-391C-40AF-A24D-6C900252617B} = {8A9300DA-19FC-465C-A791-B1E9343D42A7}
		{30DB65FE-95E6-4C74-BE4C-35494CFA9C2A} = {8A9300DA-19FC-465C-A791-B1E9343D42A7}
		{4E5FD28A-A445-4FCD-BC83-6A98DD8B0A2A} = {8A9300DA-19FC-465C-A791-B1E9343D42A7}
	EndGlobalSection
EndGlobal
